// !$*UTF8*$!
{
	archiveVersion = 1;
	classes = {
	};
	objectVersion = 77;
	objects = {

/* Begin PBXContainerItemProxy section */
		3DA3A4AF2D5CDDD5007A266B /* PBXContainerItemProxy */ = {
			isa = PBXContainerItemProxy;
			containerPortal = 3DA3A4962D5CDDD4007A266B /* Project object */;
			proxyType = 1;
			remoteGlobalIDString = 3DA3A49D2D5CDDD4007A266B;
			remoteInfo = FirstView;
		};
		3DA3A4B92D5CDDD5007A266B /* PBXContainerItemProxy */ = {
			isa = PBXContainerItemProxy;
			containerPortal = 3DA3A4962D5CDDD4007A266B /* Project object */;
			proxyType = 1;
			remoteGlobalIDString = 3DA3A49D2D5CDDD4007A266B;
			remoteInfo = FirstView;
		};
/* End PBXContainerItemProxy section */

/* Begin PBXFileReference section */
		3DA3A49E2D5CDDD4007A266B /* FirstView.app */ = {isa = PBXFileReference; explicitFileType = wrapper.application; includeInIndex = 0; path = FirstView.app; sourceTree = BUILT_PRODUCTS_DIR; };
		3DA3A4AE2D5CDDD5007A266B /* FirstViewTests.xctest */ = {isa = PBXFileReference; explicitFileType = wrapper.cfbundle; includeInIndex = 0; path = FirstViewTests.xctest; sourceTree = BUILT_PRODUCTS_DIR; };
		3DA3A4B82D5CDDD5007A266B /* FirstViewUITests.xctest */ = {isa = PBXFileReference; explicitFileType = wrapper.cfbundle; includeInIndex = 0; path = FirstViewUITests.xctest; sourceTree = BUILT_PRODUCTS_DIR; };
/* End PBXFileReference section */

/* Begin PBXFileSystemSynchronizedRootGroup section */
		3DA3A4A02D5CDDD4007A266B /* FirstView */ = {
			isa = PBXFileSystemSynchronizedRootGroup;
			path = FirstView;
			sourceTree = "<group>";
		};
		3DA3A4B12D5CDDD5007A266B /* FirstViewTests */ = {
			isa = PBXFileSystemSynchronizedRootGroup;
			path = FirstViewTests;
			sourceTree = "<group>";
		};
		3DA3A4BB2D5CDDD5007A266B /* FirstViewUITests */ = {
			isa = PBXFileSystemSynchronizedRootGroup;
			path = FirstViewUITests;
			sourceTree = "<group>";
		};
/* End PBXFileSystemSynchronizedRootGroup section */

/* Begin PBXFrameworksBuildPhase section */
		3DA3A49B2D5CDDD4007A266B /* Frameworks */ = {
			isa = PBXFrameworksBuildPhase;
			buildActionMask = 2147483647;
			files = (
			);
			runOnlyForDeploymentPostprocessing = 0;
		};
		3DA3A4AB2D5CDDD5007A266B /* Frameworks */ = {
			isa = PBXFrameworksBuildPhase;
			buildActionMask = 2147483647;
			files = (
			);
			runOnlyForDeploymentPostprocessing = 0;
		};
		3DA3A4B52D5CDDD5007A266B /* Frameworks */ = {
			isa = PBXFrameworksBuildPhase;
			buildActionMask = 2147483647;
			files = (
			);
			runOnlyForDeploymentPostprocessing = 0;
		};
/* End PBXFrameworksBuildPhase section */

/* Begin PBXGroup section */
		3DA3A4952D5CDDD4007A266B = {
			isa = PBXGroup;
			children = (
				3DA3A4A02D5CDDD4007A266B /* FirstView */,
				3DA3A4B12D5CDDD5007A266B /* FirstViewTests */,
				3DA3A4BB2D5CDDD5007A266B /* FirstViewUITests */,
				3DA3A49F2D5CDDD4007A266B /* Products */,
			);
			sourceTree = "<group>";
		};
		3DA3A49F2D5CDDD4007A266B /* Products */ = {
			isa = PBXGroup;
			children = (
				3DA3A49E2D5CDDD4007A266B /* FirstView.app */,
				3DA3A4AE2D5CDDD5007A266B /* FirstViewTests.xctest */,
				3DA3A4B82D5CDDD5007A266B /* FirstViewUITests.xctest */,
			);
			name = Products;
			sourceTree = "<group>";
		};
/* End PBXGroup section */

/* Begin PBXNativeTarget section */
		3DA3A49D2D5CDDD4007A266B /* FirstView */ = {
			isa = PBXNativeTarget;
			buildConfigurationList = 3DA3A4C22D5CDDD5007A266B /* Build configuration list for PBXNativeTarget "FirstView" */;
			buildPhases = (
				3DA3A49A2D5CDDD4007A266B /* Sources */,
				3DA3A49B2D5CDDD4007A266B /* Frameworks */,
				3DA3A49C2D5CDDD4007A266B /* Resources */,
			);
			buildRules = (
			);
			dependencies = (
			);
			fileSystemSynchronizedGroups = (
				3DA3A4A02D5CDDD4007A266B /* FirstView */,
			);
			name = FirstView;
			packageProductDependencies = (
			);
			productName = FirstView;
			productReference = 3DA3A49E2D5CDDD4007A266B /* FirstView.app */;
			productType = "com.apple.product-type.application";
		};
		3DA3A4AD2D5CDDD5007A266B /* FirstViewTests */ = {
			isa = PBXNativeTarget;
			buildConfigurationList = 3DA3A4C52D5CDDD5007A266B /* Build configuration list for PBXNativeTarget "FirstViewTests" */;
			buildPhases = (
				3DA3A4AA2D5CDDD5007A266B /* Sources */,
				3DA3A4AB2D5CDDD5007A266B /* Frameworks */,
				3DA3A4AC2D5CDDD5007A266B /* Resources */,
			);
			buildRules = (
			);
			dependencies = (
				3DA3A4B02D5CDDD5007A266B /* PBXTargetDependency */,
			);
			fileSystemSynchronizedGroups = (
				3DA3A4B12D5CDDD5007A266B /* FirstViewTests */,
			);
			name = FirstViewTests;
			packageProductDependencies = (
			);
			productName = FirstViewTests;
			productReference = 3DA3A4AE2D5CDDD5007A266B /* FirstViewTests.xctest */;
			productType = "com.apple.product-type.bundle.unit-test";
		};
		3DA3A4B72D5CDDD5007A266B /* FirstViewUITests */ = {
			isa = PBXNativeTarget;
			buildConfigurationList = 3DA3A4C82D5CDDD5007A266B /* Build configuration list for PBXNativeTarget "FirstViewUITests" */;
			buildPhases = (
				3DA3A4B42D5CDDD5007A266B /* Sources */,
				3DA3A4B52D5CDDD5007A266B /* Frameworks */,
				3DA3A4B62D5CDDD5007A266B /* Resources */,
			);
			buildRules = (
			);
			dependencies = (
				3DA3A4BA2D5CDDD5007A266B /* PBXTargetDependency */,
			);
			fileSystemSynchronizedGroups = (
				3DA3A4BB2D5CDDD5007A266B /* FirstViewUITests */,
			);
			name = FirstViewUITests;
			packageProductDependencies = (
			);
			productName = FirstViewUITests;
			productReference = 3DA3A4B82D5CDDD5007A266B /* FirstViewUITests.xctest */;
			productType = "com.apple.product-type.bundle.ui-testing";
		};
/* End PBXNativeTarget section */

/* Begin PBXProject section */
		3DA3A4962D5CDDD4007A266B /* Project object */ = {
			isa = PBXProject;
			attributes = {
				BuildIndependentTargetsInParallel = 1;
				LastSwiftUpdateCheck = 1620;
				LastUpgradeCheck = 1620;
				TargetAttributes = {
					3DA3A49D2D5CDDD4007A266B = {
						CreatedOnToolsVersion = 16.2;
					};
					3DA3A4AD2D5CDDD5007A266B = {
						CreatedOnToolsVersion = 16.2;
						TestTargetID = 3DA3A49D2D5CDDD4007A266B;
					};
					3DA3A4B72D5CDDD5007A266B = {
						CreatedOnToolsVersion = 16.2;
						TestTargetID = 3DA3A49D2D5CDDD4007A266B;
					};
				};
			};
			buildConfigurationList = 3DA3A4992D5CDDD4007A266B /* Build configuration list for PBXProject "FirstView" */;
			developmentRegion = en;
			hasScannedForEncodings = 0;
			knownRegions = (
				en,
				Base,
			);
			mainGroup = 3DA3A4952D5CDDD4007A266B;
			minimizedProjectReferenceProxies = 1;
			preferredProjectObjectVersion = 77;
			productRefGroup = 3DA3A49F2D5CDDD4007A266B /* Products */;
			projectDirPath = "";
			projectRoot = "";
			targets = (
				3DA3A49D2D5CDDD4007A266B /* FirstView */,
				3DA3A4AD2D5CDDD5007A266B /* FirstViewTests */,
				3DA3A4B72D5CDDD5007A266B /* FirstViewUITests */,
			);
		};
/* End PBXProject section */

/* Begin PBXResourcesBuildPhase section */
		3DA3A49C2D5CDDD4007A266B /* Resources */ = {
			isa = PBXResourcesBuildPhase;
			buildActionMask = 2147483647;
			files = (
			);
			runOnlyForDeploymentPostprocessing = 0;
		};
		3DA3A4AC2D5CDDD5007A266B /* Resources */ = {
			isa = PBXResourcesBuildPhase;
			buildActionMask = 2147483647;
			files = (
			);
			runOnlyForDeploymentPostprocessing = 0;
		};
		3DA3A4B62D5CDDD5007A266B /* Resources */ = {
			isa = PBXResourcesBuildPhase;
			buildActionMask = 2147483647;
			files = (
			);
			runOnlyForDeploymentPostprocessing = 0;
		};
/* End PBXResourcesBuildPhase section */

/* Begin PBXSourcesBuildPhase section */
		3DA3A49A2D5CDDD4007A266B /* Sources */ = {
			isa = PBXSourcesBuildPhase;
			buildActionMask = 2147483647;
			files = (
			);
			runOnlyForDeploymentPostprocessing = 0;
		};
		3DA3A4AA2D5CDDD5007A266B /* Sources */ = {
			isa = PBXSourcesBuildPhase;
			buildActionMask = 2147483647;
			files = (
			);
			runOnlyForDeploymentPostprocessing = 0;
		};
		3DA3A4B42D5CDDD5007A266B /* Sources */ = {
			isa = PBXSourcesBuildPhase;
			buildActionMask = 2147483647;
			files = (
			);
			runOnlyForDeploymentPostprocessing = 0;
		};
/* End PBXSourcesBuildPhase section */

/* Begin PBXTargetDependency section */
		3DA3A4B02D5CDDD5007A266B /* PBXTargetDependency */ = {
			isa = PBXTargetDependency;
			target = 3DA3A49D2D5CDDD4007A266B /* FirstView */;
			targetProxy = 3DA3A4AF2D5CDDD5007A266B /* PBXContainerItemProxy */;
		};
		3DA3A4BA2D5CDDD5007A266B /* PBXTargetDependency */ = {
			isa = PBXTargetDependency;
			target = 3DA3A49D2D5CDDD4007A266B /* FirstView */;
			targetProxy = 3DA3A4B92D5CDDD5007A266B /* PBXContainerItemProxy */;
		};
/* End PBXTargetDependency section */

/* Begin XCBuildConfiguration section */
		3DA3A4C02D5CDDD5007A266B /* Debug */ = {
			isa = XCBuildConfiguration;
			buildSettings = {
				ALWAYS_SEARCH_USER_PATHS = NO;
				ASSETCATALOG_COMPILER_GENERATE_SWIFT_ASSET_SYMBOL_EXTENSIONS = YES;
				CLANG_ANALYZER_NONNULL = YES;
				CLANG_ANALYZER_NUMBER_OBJECT_CONVERSION = YES_AGGRESSIVE;
				CLANG_CXX_LANGUAGE_STANDARD = "gnu++20";
				CLANG_ENABLE_MODULES = YES;
				CLANG_ENABLE_OBJC_ARC = YES;
				CLANG_ENABLE_OBJC_WEAK = YES;
				CLANG_WARN_BLOCK_CAPTURE_AUTORELEASING = YES;
				CLANG_WARN_BOOL_CONVERSION = YES;
				CLANG_WARN_COMMA = YES;
				CLANG_WARN_CONSTANT_CONVERSION = YES;
				CLANG_WARN_DEPRECATED_OBJC_IMPLEMENTATIONS = YES;
				CLANG_WARN_DIRECT_OBJC_ISA_USAGE = YES_ERROR;
				CLANG_WARN_DOCUMENTATION_COMMENTS = YES;
				CLANG_WARN_EMPTY_BODY = YES;
				CLANG_WARN_ENUM_CONVERSION = YES;
				CLANG_WARN_INFINITE_RECURSION = YES;
				CLANG_WARN_INT_CONVERSION = YES;
				CLANG_WARN_NON_LITERAL_NULL_CONVERSION = YES;
				CLANG_WARN_OBJC_IMPLICIT_RETAIN_SELF = YES;
				CLANG_WARN_OBJC_LITERAL_CONVERSION = YES;
				CLANG_WARN_OBJC_ROOT_CLASS = YES_ERROR;
				CLANG_WARN_QUOTED_INCLUDE_IN_FRAMEWORK_HEADER = YES;
				CLANG_WARN_RANGE_LOOP_ANALYSIS = YES;
				CLANG_WARN_STRICT_PROTOTYPES = YES;
				CLANG_WARN_SUSPICIOUS_MOVE = YES;
				CLANG_WARN_UNGUARDED_AVAILABILITY = YES_AGGRESSIVE;
				CLANG_WARN_UNREACHABLE_CODE = YES;
				CLANG_WARN__DUPLICATE_METHOD_MATCH = YES;
				COPY_PHASE_STRIP = NO;
				DEBUG_INFORMATION_FORMAT = dwarf;
				ENABLE_STRICT_OBJC_MSGSEND = YES;
				ENABLE_TESTABILITY = YES;
				ENABLE_USER_SCRIPT_SANDBOXING = YES;
				GCC_C_LANGUAGE_STANDARD = gnu17;
				GCC_DYNAMIC_NO_PIC = NO;
				GCC_NO_COMMON_BLOCKS = YES;
				GCC_OPTIMIZATION_LEVEL = 0;
				GCC_PREPROCESSOR_DEFINITIONS = (
					"DEBUG=1",
					"$(inherited)",
				);
				GCC_WARN_64_TO_32_BIT_CONVERSION = YES;
				GCC_WARN_ABOUT_RETURN_TYPE = YES_ERROR;
				GCC_WARN_UNDECLARED_SELECTOR = YES;
				GCC_WARN_UNINITIALIZED_AUTOS = YES_AGGRESSIVE;
				GCC_WARN_UNUSED_FUNCTION = YES;
				GCC_WARN_UNUSED_VARIABLE = YES;
				IPHONEOS_DEPLOYMENT_TARGET = 18.2;
				LOCALIZATION_PREFERS_STRING_CATALOGS = YES;
				MTL_ENABLE_DEBUG_INFO = INCLUDE_SOURCE;
				MTL_FAST_MATH = YES;
				ONLY_ACTIVE_ARCH = YES;
				SDKROOT = iphoneos;
				SWIFT_ACTIVE_COMPILATION_CONDITIONS = "DEBUG $(inherited)";
				SWIFT_OPTIMIZATION_LEVEL = "-Onone";
			};
			name = Debug;
		};
		3DA3A4C12D5CDDD5007A266B /* Release */ = {
			isa = XCBuildConfiguration;
			buildSettings = {
				ALWAYS_SEARCH_USER_PATHS = NO;
				ASSETCATALOG_COMPILER_GENERATE_SWIFT_ASSET_SYMBOL_EXTENSIONS = YES;
				CLANG_ANALYZER_NONNULL = YES;
				CLANG_ANALYZER_NUMBER_OBJECT_CONVERSION = YES_AGGRESSIVE;
				CLANG_CXX_LANGUAGE_STANDARD = "gnu++20";
				CLANG_ENABLE_MODULES = YES;
				CLANG_ENABLE_OBJC_ARC = YES;
				CLANG_ENABLE_OBJC_WEAK = YES;
				CLANG_WARN_BLOCK_CAPTURE_AUTORELEASING = YES;
				CLANG_WARN_BOOL_CONVERSION = YES;
				CLANG_WARN_COMMA = YES;
				CLANG_WARN_CONSTANT_CONVERSION = YES;
				CLANG_WARN_DEPRECATED_OBJC_IMPLEMENTATIONS = YES;
				CLANG_WARN_DIRECT_OBJC_ISA_USAGE = YES_ERROR;
				CLANG_WARN_DOCUMENTATION_COMMENTS = YES;
				CLANG_WARN_EMPTY_BODY = YES;
				CLANG_WARN_ENUM_CONVERSION = YES;
				CLANG_WARN_INFINITE_RECURSION = YES;
				CLANG_WARN_INT_CONVERSION = YES;
				CLANG_WARN_NON_LITERAL_NULL_CONVERSION = YES;
				CLANG_WARN_OBJC_IMPLICIT_RETAIN_SELF = YES;
				CLANG_WARN_OBJC_LITERAL_CONVERSION = YES;
				CLANG_WARN_OBJC_ROOT_CLASS = YES_ERROR;
				CLANG_WARN_QUOTED_INCLUDE_IN_FRAMEWORK_HEADER = YES;
				CLANG_WARN_RANGE_LOOP_ANALYSIS = YES;
				CLANG_WARN_STRICT_PROTOTYPES = YES;
				CLANG_WARN_SUSPICIOUS_MOVE = YES;
				CLANG_WARN_UNGUARDED_AVAILABILITY = YES_AGGRESSIVE;
				CLANG_WARN_UNREACHABLE_CODE = YES;
				CLANG_WARN__DUPLICATE_METHOD_MATCH = YES;
				COPY_PHASE_STRIP = NO;
				DEBUG_INFORMATION_FORMAT = "dwarf-with-dsym";
				ENABLE_NS_ASSERTIONS = NO;
				ENABLE_STRICT_OBJC_MSGSEND = YES;
				ENABLE_USER_SCRIPT_SANDBOXING = YES;
				GCC_C_LANGUAGE_STANDARD = gnu17;
				GCC_NO_COMMON_BLOCKS = YES;
				GCC_WARN_64_TO_32_BIT_CONVERSION = YES;
				GCC_WARN_ABOUT_RETURN_TYPE = YES_ERROR;
				GCC_WARN_UNDECLARED_SELECTOR = YES;
				GCC_WARN_UNINITIALIZED_AUTOS = YES_AGGRESSIVE;
				GCC_WARN_UNUSED_FUNCTION = YES;
				GCC_WARN_UNUSED_VARIABLE = YES;
				IPHONEOS_DEPLOYMENT_TARGET = 18.2;
				LOCALIZATION_PREFERS_STRING_CATALOGS = YES;
				MTL_ENABLE_DEBUG_INFO = NO;
				MTL_FAST_MATH = YES;
				SDKROOT = iphoneos;
				SWIFT_COMPILATION_MODE = wholemodule;
				VALIDATE_PRODUCT = YES;
			};
			name = Release;
		};
		3DA3A4C32D5CDDD5007A266B /* Debug */ = {
			isa = XCBuildConfiguration;
			buildSettings = {
				ASSETCATALOG_COMPILER_APPICON_NAME = AppIcon;
				ASSETCATALOG_COMPILER_GLOBAL_ACCENT_COLOR_NAME = AccentColor;
				CODE_SIGN_STYLE = Automatic;
				CURRENT_PROJECT_VERSION = 1;
				DEVELOPMENT_ASSET_PATHS = "\"FirstView/Preview Content\"";
				ENABLE_PREVIEWS = YES;
				GENERATE_INFOPLIST_FILE = YES;
				INFOPLIST_KEY_UIApplicationSceneManifest_Generation = YES;
				INFOPLIST_KEY_UIApplicationSupportsIndirectInputEvents = YES;
				INFOPLIST_KEY_UILaunchScreen_Generation = YES;
				INFOPLIST_KEY_UISupportedInterfaceOrientations_iPad = "UIInterfaceOrientationPortrait UIInterfaceOrientationPortraitUpsideDown UIInterfaceOrientationLandscapeLeft UIInterfaceOrientationLandscapeRight";
				INFOPLIST_KEY_UISupportedInterfaceOrientations_iPhone = "UIInterfaceOrientationPortrait UIInterfaceOrientationLandscapeLeft UIInterfaceOrientationLandscapeRight";
				LD_RUNPATH_SEARCH_PATHS = (
					"$(inherited)",
					"@executable_path/Frameworks",
				);
				MARKETING_VERSION = 1.0;
				PRODUCT_BUNDLE_IDENTIFIER = com.vg2131.FirstView;
				PRODUCT_NAME = "$(TARGET_NAME)";
				SWIFT_EMIT_LOC_STRINGS = YES;
				SWIFT_VERSION = 5.0;
				TARGETED_DEVICE_FAMILY = "1,2";
			};
			name = Debug;
		};
		3DA3A4C42D5CDDD5007A266B /* Release */ = {
			isa = XCBuildConfiguration;
			buildSettings = {
				ASSETCATALOG_COMPILER_APPICON_NAME = AppIcon;
				ASSETCATALOG_COMPILER_GLOBAL_ACCENT_COLOR_NAME = AccentColor;
				CODE_SIGN_STYLE = Automatic;
				CURRENT_PROJECT_VERSION = 1;
				DEVELOPMENT_ASSET_PATHS = "\"FirstView/Preview Content\"";
				ENABLE_PREVIEWS = YES;
				GENERATE_INFOPLIST_FILE = YES;
				INFOPLIST_KEY_UIApplicationSceneManifest_Generation = YES;
				INFOPLIST_KEY_UIApplicationSupportsIndirectInputEvents = YES;
				INFOPLIST_KEY_UILaunchScreen_Generation = YES;
				INFOPLIST_KEY_UISupportedInterfaceOrientations_iPad = "UIInterfaceOrientationPortrait UIInterfaceOrientationPortraitUpsideDown UIInterfaceOrientationLandscapeLeft UIInterfaceOrientationLandscapeRight";
				INFOPLIST_KEY_UISupportedInterfaceOrientations_iPhone = "UIInterfaceOrientationPortrait UIInterfaceOrientationLandscapeLeft UIInterfaceOrientationLandscapeRight";
				LD_RUNPATH_SEARCH_PATHS = (
					"$(inherited)",
					"@executable_path/Frameworks",
				);
				MARKETING_VERSION = 1.0;
				PRODUCT_BUNDLE_IDENTIFIER = com.vg2131.FirstView;
				PRODUCT_NAME = "$(TARGET_NAME)";
				SWIFT_EMIT_LOC_STRINGS = YES;
				SWIFT_VERSION = 5.0;
				TARGETED_DEVICE_FAMILY = "1,2";
			};
			name = Release;
		};
		3DA3A4C62D5CDDD5007A266B /* Debug */ = {
			isa = XCBuildConfiguration;
			buildSettings = {
				BUNDLE_LOADER = "$(TEST_HOST)";
				CODE_SIGN_STYLE = Automatic;
				CURRENT_PROJECT_VERSION = 1;
				GENERATE_INFOPLIST_FILE = YES;
				IPHONEOS_DEPLOYMENT_TARGET = 18.2;
				MARKETING_VERSION = 1.0;
				PRODUCT_BUNDLE_IDENTIFIER = com.vg2131.FirstViewTests;
				PRODUCT_NAME = "$(TARGET_NAME)";
				SWIFT_EMIT_LOC_STRINGS = NO;
				SWIFT_VERSION = 5.0;
				TARGETED_DEVICE_FAMILY = "1,2";
				TEST_HOST = "$(BUILT_PRODUCTS_DIR)/FirstView.app/$(BUNDLE_EXECUTABLE_FOLDER_PATH)/FirstView";
			};
			name = Debug;
		};
		3DA3A4C72D5CDDD5007A266B /* Release */ = {
			isa = XCBuildConfiguration;
			buildSettings = {
				BUNDLE_LOADER = "$(TEST_HOST)";
				CODE_SIGN_STYLE = Automatic;
				CURRENT_PROJECT_VERSION = 1;
				GENERATE_INFOPLIST_FILE = YES;
				IPHONEOS_DEPLOYMENT_TARGET = 18.2;
				MARKETING_VERSION = 1.0;
				PRODUCT_BUNDLE_IDENTIFIER = com.vg2131.FirstViewTests;
				PRODUCT_NAME = "$(TARGET_NAME)";
				SWIFT_EMIT_LOC_STRINGS = NO;
				SWIFT_VERSION = 5.0;
				TARGETED_DEVICE_FAMILY = "1,2";
				TEST_HOST = "$(BUILT_PRODUCTS_DIR)/FirstView.app/$(BUNDLE_EXECUTABLE_FOLDER_PATH)/FirstView";
			};
			name = Release;
		};
		3DA3A4C92D5CDDD5007A266B /* Debug */ = {
			isa = XCBuildConfiguration;
			buildSettings = {
				CODE_SIGN_STYLE = Automatic;
				CURRENT_PROJECT_VERSION = 1;
				GENERATE_INFOPLIST_FILE = YES;
				MARKETING_VERSION = 1.0;
				PRODUCT_BUNDLE_IDENTIFIER = com.vg2131.FirstViewUITests;
				PRODUCT_NAME = "$(TARGET_NAME)";
				SWIFT_EMIT_LOC_STRINGS = NO;
				SWIFT_VERSION = 5.0;
				TARGETED_DEVICE_FAMILY = "1,2";
				TEST_TARGET_NAME = FirstView;
			};
			name = Debug;
		};
		3DA3A4CA2D5CDDD5007A266B /* Release */ = {
			isa = XCBuildConfiguration;
			buildSettings = {
				CODE_SIGN_STYLE = Automatic;
				CURRENT_PROJECT_VERSION = 1;
				GENERATE_INFOPLIST_FILE = YES;
				MARKETING_VERSION = 1.0;
				PRODUCT_BUNDLE_IDENTIFIER = com.vg2131.FirstViewUITests;
				PRODUCT_NAME = "$(TARGET_NAME)";
				SWIFT_EMIT_LOC_STRINGS = NO;
				SWIFT_VERSION = 5.0;
				TARGETED_DEVICE_FAMILY = "1,2";
				TEST_TARGET_NAME = FirstView;
			};
			name = Release;
		};
/* End XCBuildConfiguration section */

/* Begin XCConfigurationList section */
		3DA3A4992D5CDDD4007A266B /* Build configuration list for PBXProject "FirstView" */ = {
			isa = XCConfigurationList;
			buildConfigurations = (
				3DA3A4C02D5CDDD5007A266B /* Debug */,
				3DA3A4C12D5CDDD5007A266B /* Release */,
			);
			defaultConfigurationIsVisible = 0;
			defaultConfigurationName = Release;
		};
		3DA3A4C22D5CDDD5007A266B /* Build configuration list for PBXNativeTarget "FirstView" */ = {
			isa = XCConfigurationList;
			buildConfigurations = (
				3DA3A4C32D5CDDD5007A266B /* Debug */,
				3DA3A4C42D5CDDD5007A266B /* Release */,
			);
			defaultConfigurationIsVisible = 0;
			defaultConfigurationName = Release;
		};
		3DA3A4C52D5CDDD5007A266B /* Build configuration list for PBXNativeTarget "FirstViewTests" */ = {
			isa = XCConfigurationList;
			buildConfigurations = (
				3DA3A4C62D5CDDD5007A266B /* Debug */,
				3DA3A4C72D5CDDD5007A266B /* Release */,
			);
			defaultConfigurationIsVisible = 0;
			defaultConfigurationName = Release;
		};
		3DA3A4C82D5CDDD5007A266B /* Build configuration list for PBXNativeTarget "FirstViewUITests" */ = {
			isa = XCConfigurationList;
			buildConfigurations = (
				3DA3A4C92D5CDDD5007A266B /* Debug */,
				3DA3A4CA2D5CDDD5007A266B /* Release */,
			);
			defaultConfigurationIsVisible = 0;
			defaultConfigurationName = Release;
		};
/* End XCConfigurationList section */
	};
	rootObject = 3DA3A4962D5CDDD4007A266B /* Project object */;
}
